lockfileVersion: '6.0'

settings:
  autoInstallPeers: true
  excludeLinksFromLockfile: false

dependencies:
  dice-pool-calc:
    specifier: ^0.0.1
    version: 0.0.1

packages:

  /deepcopy@2.1.0:
    resolution: {integrity: sha512-8cZeTb1ZKC3bdSCP6XOM1IsTczIO73fdqtwa2B0N15eAz7gmyhQo+mc5gnFuulsgN3vIQYmTgbmQVKalH1dKvQ==}
    dependencies:
      type-detect: 4.0.8
    dev: false

  /dice-pool-calc@0.0.1:
    resolution: {integrity: sha512-H/iKauctBLVmE9VT4OUy5lY6md45sa/hv/AlfGHAKrH7kPRZq9nh9ey4KxtYproD91McHGmAlKwvyP9pB/i5Vw==}
    dependencies:
      deepcopy: 2.1.0
      fast-deep-equal: 3.1.3
    dev: false

  /fast-deep-equal@3.1.3:
    resolution: {integrity: sha512-f3qQ9oQy9j2AhBe/H9VC91wLmKBCCU/gDOnKNAYG5hswO7BLKj09Hc5HYNz9cGI++xlpDCIgDaitVs03ATR84Q==}
    dev: false

  /type-detect@4.0.8:
    resolution: {integrity: sha512-0fr/mIH1dlO+x7TlcMy+bIDqKPsw/70tVyeHW787goQjhmqaZe10uwLujubK9q9Lg6Fiho1KUKDYz0Z7k7g5/g==}
    engines: {node: '>=4'}
    dev: false
